
Microsoft Visual Studio Solution File, Format Version 12.00
# Visual Studio Version 17
VisualStudioVersion = 17.14.36414.22 d17.14
MinimumVisualStudioVersion = 10.0.40219.1
Project("{FAE04EC0-301F-11D3-BF4B-00C04F79EFBC}") = "HWW12", "HWW12\HWW12.csproj", "{2FC4C806-E750-441D-A513-30CA89EAFE1B}"
EndProject
Global
	GlobalSection(SolutionConfigurationPlatforms) = preSolution
		Debug|Any CPU = Debug|Any CPU
		Release|Any CPU = Release|Any CPU
	EndGlobalSection
	GlobalSection(ProjectConfigurationPlatforms) = postSolution
		{2FC4C806-E750-441D-A513-30CA89EAFE1B}.Debug|Any CPU.ActiveCfg = Debug|Any CPU
		{2FC4C806-E750-441D-A513-30CA89EAFE1B}.Debug|Any CPU.Build.0 = Debug|Any CPU
		{2FC4C806-E750-441D-A513-30CA89EAFE1B}.Release|Any CPU.ActiveCfg = Release|Any CPU
		{2FC4C806-E750-441D-A513-30CA89EAFE1B}.Release|Any CPU.Build.0 = Release|Any CPU
	EndGlobalSection
	GlobalSection(SolutionProperties) = preSolution
		HideSolutionNode = FALSE
	EndGlobalSection
	GlobalSection(ExtensibilityGlobals) = postSolution
		SolutionGuid = {82295E41-041B-410B-9948-6B9EE4A118BE}
	EndGlobalSection
EndGlobal
